// !$*UTF8*$!
{
	archiveVersion = 1;
	classes = {
	};
	objectVersion = 46;
	objects = {

/* Begin PBXBuildFile section */
		793A90801CEB4F2900C5CEAB /* PG.json in Resources */ = {isa = PBXBuildFile; fileRef = 793A907F1CEB4F2900C5CEAB /* PG.json */; };
		793A90821CEB50A700C5CEAB /* Non-PG.json in Resources */ = {isa = PBXBuildFile; fileRef = 793A90811CEB50A700C5CEAB /* Non-PG.json */; };
		793A90881CECBDD400C5CEAB /* ServicsViewController.swift in Sources */ = {isa = PBXBuildFile; fileRef = 793A90871CECBDD400C5CEAB /* ServicsViewController.swift */; };
		793A908A1CECF08B00C5CEAB /* ThanksViewController.swift in Sources */ = {isa = PBXBuildFile; fileRef = 793A90891CECF08B00C5CEAB /* ThanksViewController.swift */; };
		793A908C1CED462100C5CEAB /* ContactViewController.swift in Sources */ = {isa = PBXBuildFile; fileRef = 793A908B1CED462100C5CEAB /* ContactViewController.swift */; };
		793A908E1CED46EE00C5CEAB /* KeyboardViewController.swift in Sources */ = {isa = PBXBuildFile; fileRef = 793A908D1CED46EE00C5CEAB /* KeyboardViewController.swift */; };
		799365FD1CEA376D008CC705 /* AppDelegate.swift in Sources */ = {isa = PBXBuildFile; fileRef = 799365FC1CEA376D008CC705 /* AppDelegate.swift */; };
		799365FF1CEA376D008CC705 /* ViewController.swift in Sources */ = {isa = PBXBuildFile; fileRef = 799365FE1CEA376D008CC705 /* ViewController.swift */; };
		799366021CEA376D008CC705 /* Main.storyboard in Resources */ = {isa = PBXBuildFile; fileRef = 799366001CEA376D008CC705 /* Main.storyboard */; };
		799366041CEA376D008CC705 /* Assets.xcassets in Resources */ = {isa = PBXBuildFile; fileRef = 799366031CEA376D008CC705 /* Assets.xcassets */; };
		799366071CEA376D008CC705 /* LaunchScreen.storyboard in Resources */ = {isa = PBXBuildFile; fileRef = 799366051CEA376D008CC705 /* LaunchScreen.storyboard */; };
		7993660F1CEA3B98008CC705 /* CalculatorInfoViewController.swift in Sources */ = {isa = PBXBuildFile; fileRef = 7993660E1CEA3B98008CC705 /* CalculatorInfoViewController.swift */; };
		799366111CEA3BA6008CC705 /* CalculatorViewController.swift in Sources */ = {isa = PBXBuildFile; fileRef = 799366101CEA3BA6008CC705 /* CalculatorViewController.swift */; };
		799366131CEA3BB4008CC705 /* ResultViewController.swift in Sources */ = {isa = PBXBuildFile; fileRef = 799366121CEA3BB4008CC705 /* ResultViewController.swift */; };
/* End PBXBuildFile section */

/* Begin PBXFileReference section */
		793A907F1CEB4F2900C5CEAB /* PG.json */ = {isa = PBXFileReference; fileEncoding = 4; lastKnownFileType = text.json; path = PG.json; sourceTree = "<group>"; };
		793A90811CEB50A700C5CEAB /* Non-PG.json */ = {isa = PBXFileReference; fileEncoding = 4; lastKnownFileType = text.json; path = "Non-PG.json"; sourceTree = "<group>"; };
		793A90871CECBDD400C5CEAB /* ServicsViewController.swift */ = {isa = PBXFileReference; fileEncoding = 4; lastKnownFileType = sourcecode.swift; path = ServicsViewController.swift; sourceTree = "<group>"; };
		793A90891CECF08B00C5CEAB /* ThanksViewController.swift */ = {isa = PBXFileReference; fileEncoding = 4; lastKnownFileType = sourcecode.swift; path = ThanksViewController.swift; sourceTree = "<group>"; };
		793A908B1CED462100C5CEAB /* ContactViewController.swift */ = {isa = PBXFileReference; fileEncoding = 4; lastKnownFileType = sourcecode.swift; path = ContactViewController.swift; sourceTree = "<group>"; };
		793A908D1CED46EE00C5CEAB /* KeyboardViewController.swift */ = {isa = PBXFileReference; fileEncoding = 4; lastKnownFileType = sourcecode.swift; path = KeyboardViewController.swift; sourceTree = "<group>"; };
		799365F91CEA376D008CC705 /* Maxus.app */ = {isa = PBXFileReference; explicitFileType = wrapper.application; includeInIndex = 0; path = Maxus.app; sourceTree = BUILT_PRODUCTS_DIR; };
		799365FC1CEA376D008CC705 /* AppDelegate.swift */ = {isa = PBXFileReference; lastKnownFileType = sourcecode.swift; path = AppDelegate.swift; sourceTree = "<group>"; };
		799365FE1CEA376D008CC705 /* ViewController.swift */ = {isa = PBXFileReference; lastKnownFileType = sourcecode.swift; path = ViewController.swift; sourceTree = "<group>"; };
		799366011CEA376D008CC705 /* Base */ = {isa = PBXFileReference; lastKnownFileType = file.storyboard; name = Base; path = Base.lproj/Main.storyboard; sourceTree = "<group>"; };
		799366031CEA376D008CC705 /* Assets.xcassets */ = {isa = PBXFileReference; lastKnownFileType = folder.assetcatalog; path = Assets.xcassets; sourceTree = "<group>"; };
		799366061CEA376D008CC705 /* Base */ = {isa = PBXFileReference; lastKnownFileType = file.storyboard; name = Base; path = Base.lproj/LaunchScreen.storyboard; sourceTree = "<group>"; };
		799366081CEA376D008CC705 /* Info.plist */ = {isa = PBXFileReference; lastKnownFileType = text.plist.xml; path = Info.plist; sourceTree = "<group>"; };
		7993660E1CEA3B98008CC705 /* CalculatorInfoViewController.swift */ = {isa = PBXFileReference; fileEncoding = 4; lastKnownFileType = sourcecode.swift; path = CalculatorInfoViewController.swift; sourceTree = "<group>"; };
		799366101CEA3BA6008CC705 /* CalculatorViewController.swift */ = {isa = PBXFileReference; fileEncoding = 4; lastKnownFileType = sourcecode.swift; path = CalculatorViewController.swift; sourceTree = "<group>"; };
		799366121CEA3BB4008CC705 /* ResultViewController.swift */ = {isa = PBXFileReference; fileEncoding = 4; lastKnownFileType = sourcecode.swift; path = ResultViewController.swift; sourceTree = "<group>"; };
/* End PBXFileReference section */

/* Begin PBXFrameworksBuildPhase section */
		799365F61CEA376D008CC705 /* Frameworks */ = {
			isa = PBXFrameworksBuildPhase;
			buildActionMask = 2147483647;
			files = (
			);
			runOnlyForDeploymentPostprocessing = 0;
		};
/* End PBXFrameworksBuildPhase section */

/* Begin PBXGroup section */
		799365F01CEA376D008CC705 = {
			isa = PBXGroup;
			children = (
				799365FB1CEA376D008CC705 /* Maxus */,
				799365FA1CEA376D008CC705 /* Products */,
			);
			sourceTree = "<group>";
		};
		799365FA1CEA376D008CC705 /* Products */ = {
			isa = PBXGroup;
			children = (
				799365F91CEA376D008CC705 /* Maxus.app */,
			);
			name = Products;
			sourceTree = "<group>";
		};
		799365FB1CEA376D008CC705 /* Maxus */ = {
			isa = PBXGroup;
			children = (
				793A908D1CED46EE00C5CEAB /* KeyboardViewController.swift */,
				799365FC1CEA376D008CC705 /* AppDelegate.swift */,
				799365FE1CEA376D008CC705 /* ViewController.swift */,
				799366001CEA376D008CC705 /* Main.storyboard */,
				799366031CEA376D008CC705 /* Assets.xcassets */,
				799366051CEA376D008CC705 /* LaunchScreen.storyboard */,
				799366081CEA376D008CC705 /* Info.plist */,
				7993660E1CEA3B98008CC705 /* CalculatorInfoViewController.swift */,
				799366101CEA3BA6008CC705 /* CalculatorViewController.swift */,
				799366121CEA3BB4008CC705 /* ResultViewController.swift */,
				793A907F1CEB4F2900C5CEAB /* PG.json */,
				793A90811CEB50A700C5CEAB /* Non-PG.json */,
				793A90871CECBDD400C5CEAB /* ServicsViewController.swift */,
				793A90891CECF08B00C5CEAB /* ThanksViewController.swift */,
				793A908B1CED462100C5CEAB /* ContactViewController.swift */,
			);
			path = Maxus;
			sourceTree = "<group>";
		};
/* End PBXGroup section */

/* Begin PBXNativeTarget section */
		799365F81CEA376D008CC705 /* Maxus */ = {
			isa = PBXNativeTarget;
			buildConfigurationList = 7993660B1CEA376D008CC705 /* Build configuration list for PBXNativeTarget "Maxus" */;
			buildPhases = (
				799365F51CEA376D008CC705 /* Sources */,
				799365F61CEA376D008CC705 /* Frameworks */,
				799365F71CEA376D008CC705 /* Resources */,
			);
			buildRules = (
			);
			dependencies = (
			);
			name = Maxus;
			productName = Maxus;
			productReference = 799365F91CEA376D008CC705 /* Maxus.app */;
			productType = "com.apple.product-type.application";
		};
/* End PBXNativeTarget section */

/* Begin PBXProject section */
		799365F11CEA376D008CC705 /* Project object */ = {
			isa = PBXProject;
			attributes = {
				LastSwiftUpdateCheck = 0730;
				LastUpgradeCheck = 0730;
				ORGANIZATIONNAME = "Balram Singh";
				TargetAttributes = {
					799365F81CEA376D008CC705 = {
						CreatedOnToolsVersion = 7.3.1;
						DevelopmentTeam = S2T5RH48ZP;
					};
				};
			};
			buildConfigurationList = 799365F41CEA376D008CC705 /* Build configuration list for PBXProject "Maxus" */;
			compatibilityVersion = "Xcode 3.2";
			developmentRegion = English;
			hasScannedForEncodings = 0;
			knownRegions = (
				en,
				Base,
			);
			mainGroup = 799365F01CEA376D008CC705;
			productRefGroup = 799365FA1CEA376D008CC705 /* Products */;
			projectDirPath = "";
			projectRoot = "";
			targets = (
				799365F81CEA376D008CC705 /* Maxus */,
			);
		};
/* End PBXProject section */

/* Begin PBXResourcesBuildPhase section */
		799365F71CEA376D008CC705 /* Resources */ = {
			isa = PBXResourcesBuildPhase;
			buildActionMask = 2147483647;
			files = (
				793A90821CEB50A700C5CEAB /* Non-PG.json in Resources */,
				799366071CEA376D008CC705 /* LaunchScreen.storyboard in Resources */,
				793A90801CEB4F2900C5CEAB /* PG.json in Resources */,
				799366041CEA376D008CC705 /* Assets.xcassets in Resources */,
				799366021CEA376D008CC705 /* Main.storyboard in Resources */,
			);
			runOnlyForDeploymentPostprocessing = 0;
		};
/* End PBXResourcesBuildPhase section */

/* Begin PBXSourcesBuildPhase section */
		799365F51CEA376D008CC705 /* Sources */ = {
			isa = PBXSourcesBuildPhase;
			buildActionMask = 2147483647;
			files = (
				793A90881CECBDD400C5CEAB /* ServicsViewController.swift in Sources */,
				793A908C1CED462100C5CEAB /* ContactViewController.swift in Sources */,
				799366131CEA3BB4008CC705 /* ResultViewController.swift in Sources */,
				799365FF1CEA376D008CC705 /* ViewController.swift in Sources */,
				793A908E1CED46EE00C5CEAB /* KeyboardViewController.swift in Sources */,
				7993660F1CEA3B98008CC705 /* CalculatorInfoViewController.swift in Sources */,
				799366111CEA3BA6008CC705 /* CalculatorViewController.swift in Sources */,
				793A908A1CECF08B00C5CEAB /* ThanksViewController.swift in Sources */,
				799365FD1CEA376D008CC705 /* AppDelegate.swift in Sources */,
			);
			runOnlyForDeploymentPostprocessing = 0;
		};
/* End PBXSourcesBuildPhase section */

/* Begin PBXVariantGroup section */
		799366001CEA376D008CC705 /* Main.storyboard */ = {
			isa = PBXVariantGroup;
			children = (
				799366011CEA376D008CC705 /* Base */,
			);
			name = Main.storyboard;
			sourceTree = "<group>";
		};
		799366051CEA376D008CC705 /* LaunchScreen.storyboard */ = {
			isa = PBXVariantGroup;
			children = (
				799366061CEA376D008CC705 /* Base */,
			);
			name = LaunchScreen.storyboard;
			sourceTree = "<group>";
		};
/* End PBXVariantGroup section */

/* Begin XCBuildConfiguration section */
		799366091CEA376D008CC705 /* Debug */ = {
			isa = XCBuildConfiguration;
			buildSettings = {
				ALWAYS_SEARCH_USER_PATHS = NO;
				CLANG_ANALYZER_NONNULL = YES;
				CLANG_CXX_LANGUAGE_STANDARD = "gnu++0x";
				CLANG_CXX_LIBRARY = "libc++";
				CLANG_ENABLE_MODULES = YES;
				CLANG_ENABLE_OBJC_ARC = YES;
				CLANG_WARN_BOOL_CONVERSION = YES;
				CLANG_WARN_CONSTANT_CONVERSION = YES;
				CLANG_WARN_DIRECT_OBJC_ISA_USAGE = YES_ERROR;
				CLANG_WARN_EMPTY_BODY = YES;
				CLANG_WARN_ENUM_CONVERSION = YES;
				CLANG_WARN_INT_CONVERSION = YES;
				CLANG_WARN_OBJC_ROOT_CLASS = YES_ERROR;
				CLANG_WARN_UNREACHABLE_CODE = YES;
				CLANG_WARN__DUPLICATE_METHOD_MATCH = YES;
				"CODE_SIGN_IDENTITY[sdk=iphoneos*]" = "iPhone Developer";
				COPY_PHASE_STRIP = NO;
				DEBUG_INFORMATION_FORMAT = dwarf;
				ENABLE_STRICT_OBJC_MSGSEND = YES;
				ENABLE_TESTABILITY = YES;
				GCC_C_LANGUAGE_STANDARD = gnu99;
				GCC_DYNAMIC_NO_PIC = NO;
				GCC_NO_COMMON_BLOCKS = YES;
				GCC_OPTIMIZATION_LEVEL = 0;
				GCC_PREPROCESSOR_DEFINITIONS = (
					"DEBUG=1",
					"$(inherited)",
				);
				GCC_WARN_64_TO_32_BIT_CONVERSION = YES;
				GCC_WARN_ABOUT_RETURN_TYPE = YES_ERROR;
				GCC_WARN_UNDECLARED_SELECTOR = YES;
				GCC_WARN_UNINITIALIZED_AUTOS = YES_AGGRESSIVE;
				GCC_WARN_UNUSED_FUNCTION = YES;
				GCC_WARN_UNUSED_VARIABLE = YES;
				IPHONEOS_DEPLOYMENT_TARGET = 9.3;
				MTL_ENABLE_DEBUG_INFO = YES;
				ONLY_ACTIVE_ARCH = YES;
				SDKROOT = iphoneos;
				SWIFT_OPTIMIZATION_LEVEL = "-Onone";
			};
			name = Debug;
		};
		7993660A1CEA376D008CC705 /* Release */ = {
			isa = XCBuildConfiguration;
			buildSettings = {
				ALWAYS_SEARCH_USER_PATHS = NO;
				CLANG_ANALYZER_NONNULL = YES;
				CLANG_CXX_LANGUAGE_STANDARD = "gnu++0x";
				CLANG_CXX_LIBRARY = "libc++";
				CLANG_ENABLE_MODULES = YES;
				CLANG_ENABLE_OBJC_ARC = YES;
				CLANG_WARN_BOOL_CONVERSION = YES;
				CLANG_WARN_CONSTANT_CONVERSION = YES;
				CLANG_WARN_DIRECT_OBJC_ISA_USAGE = YES_ERROR;
				CLANG_WARN_EMPTY_BODY = YES;
				CLANG_WARN_ENUM_CONVERSION = YES;
				CLANG_WARN_INT_CONVERSION = YES;
				CLANG_WARN_OBJC_ROOT_CLASS = YES_ERROR;
				CLANG_WARN_UNREACHABLE_CODE = YES;
				CLANG_WARN__DUPLICATE_METHOD_MATCH = YES;
				"CODE_SIGN_IDENTITY[sdk=iphoneos*]" = "iPhone Developer";
				COPY_PHASE_STRIP = NO;
				DEBUG_INFORMATION_FORMAT = "dwarf-with-dsym";
				ENABLE_NS_ASSERTIONS = NO;
				ENABLE_STRICT_OBJC_MSGSEND = YES;
				GCC_C_LANGUAGE_STANDARD = gnu99;
				GCC_NO_COMMON_BLOCKS = YES;
				GCC_WARN_64_TO_32_BIT_CONVERSION = YES;
				GCC_WARN_ABOUT_RETURN_TYPE = YES_ERROR;
				GCC_WARN_UNDECLARED_SELECTOR = YES;
				GCC_WARN_UNINITIALIZED_AUTOS = YES_AGGRESSIVE;
				GCC_WARN_UNUSED_FUNCTION = YES;
				GCC_WARN_UNUSED_VARIABLE = YES;
				IPHONEOS_DEPLOYMENT_TARGET = 9.3;
				MTL_ENABLE_DEBUG_INFO = NO;
				SDKROOT = iphoneos;
				VALIDATE_PRODUCT = YES;
			};
			name = Release;
		};
		7993660C1CEA376D008CC705 /* Debug */ = {
			isa = XCBuildConfiguration;
			buildSettings = {
				ASSETCATALOG_COMPILER_APPICON_NAME = AppIcon;
				CODE_SIGN_IDENTITY = "iPhone Developer: Balram Singh (98VNKJ7Y3X)";
				INFOPLIST_FILE = Maxus/Info.plist;
				IPHONEOS_DEPLOYMENT_TARGET = 9.0;
				LD_RUNPATH_SEARCH_PATHS = "$(inherited) @executable_path/Frameworks";
				PRODUCT_BUNDLE_IDENTIFIER = com.Maxus;
				PRODUCT_NAME = "$(TARGET_NAME)";
				PROVISIONING_PROFILE = "663aa67f-3d28-4f67-adba-3e9922bc7a94";
			};
			name = Debug;
		};
		7993660D1CEA376D008CC705 /* Release */ = {
			isa = XCBuildConfiguration;
			buildSettings = {
				ASSETCATALOG_COMPILER_APPICON_NAME = AppIcon;
				CODE_SIGN_IDENTITY = "iPhone Distribution: Mood Media Corporation (S2T5RH48ZP)";
				INFOPLIST_FILE = Maxus/Info.plist;
				IPHONEOS_DEPLOYMENT_TARGET = 9.0;
				LD_RUNPATH_SEARCH_PATHS = "$(inherited) @executable_path/Frameworks";
				PRODUCT_BUNDLE_IDENTIFIER = com.Maxus;
				PRODUCT_NAME = "$(TARGET_NAME)";
				PROVISIONING_PROFILE = "cc30920b-2526-457a-98a3-96d671d6c748";
			};
			name = Release;
		};
/* End XCBuildConfiguration section */

/* Begin XCConfigurationList section */
		799365F41CEA376D008CC705 /* Build configuration list for PBXProject "Maxus" */ = {
			isa = XCConfigurationList;
			buildConfigurations = (
				799366091CEA376D008CC705 /* Debug */,
				7993660A1CEA376D008CC705 /* Release */,
			);
			defaultConfigurationIsVisible = 0;
			defaultConfigurationName = Release;
		};
		7993660B1CEA376D008CC705 /* Build configuration list for PBXNativeTarget "Maxus" */ = {
			isa = XCConfigurationList;
			buildConfigurations = (
				7993660C1CEA376D008CC705 /* Debug */,
				7993660D1CEA376D008CC705 /* Release */,
			);
			defaultConfigurationIsVisible = 0;
			defaultConfigurationName = Release;
		};
/* End XCConfigurationList section */
	};
	rootObject = 799365F11CEA376D008CC705 /* Project object */;
}
